
Microsoft Visual Studio Solution File, Format Version 12.00
# Visual Studio 15
VisualStudioVersion = 15.0.28307.1267
MinimumVisualStudioVersion = 10.0.40219.1
Project("{FAE04EC0-301F-11D3-BF4B-00C04F79EFBC}") = "MyMathDLL", "MyMathDLL\MyMathDLL.csproj", "{FAD6E38C-27B1-458E-AC3B-0F8E5A9E6316}"
EndProject
Project("{FAE04EC0-301F-11D3-BF4B-00C04F79EFBC}") = "Day2ConsoleApp", "Day2ConsoleApp\Day2ConsoleApp.csproj", "{831F2AC0-6C86-4D4C-A9BA-F388ADEA5709}"
EndProject
Project("{FAE04EC0-301F-11D3-BF4B-00C04F79EFBC}") = "UnitTestProgramm", "UnitTestProgramm\UnitTestProgramm.csproj", "{E9CDDA30-4C79-4681-9930-4FD6D7677BD4}"
EndProject
Project("{2150E333-8FDC-42A3-9474-1A3956D46DE8}") = "Day2", "Day2", "{AD762B25-8F73-4165-960E-C2669192B94C}"
EndProject
Project("{2150E333-8FDC-42A3-9474-1A3956D46DE8}") = "Day3", "Day3", "{79A82372-C234-4791-8F20-4838814547AE}"
EndProject
Project("{FAE04EC0-301F-11D3-BF4B-00C04F79EFBC}") = "Day3App", "Day3App\Day3App.csproj", "{9E4BEB60-295D-485B-8F2A-6EEA7C45DDBD}"
EndProject
Global
	GlobalSection(SolutionConfigurationPlatforms) = preSolution
		Debug|Any CPU = Debug|Any CPU
		Release|Any CPU = Release|Any CPU
	EndGlobalSection
	GlobalSection(ProjectConfigurationPlatforms) = postSolution
		{FAD6E38C-27B1-458E-AC3B-0F8E5A9E6316}.Debug|Any CPU.ActiveCfg = Debug|Any CPU
		{FAD6E38C-27B1-458E-AC3B-0F8E5A9E6316}.Debug|Any CPU.Build.0 = Debug|Any CPU
		{FAD6E38C-27B1-458E-AC3B-0F8E5A9E6316}.Release|Any CPU.ActiveCfg = Release|Any CPU
		{FAD6E38C-27B1-458E-AC3B-0F8E5A9E6316}.Release|Any CPU.Build.0 = Release|Any CPU
		{831F2AC0-6C86-4D4C-A9BA-F388ADEA5709}.Debug|Any CPU.ActiveCfg = Debug|Any CPU
		{831F2AC0-6C86-4D4C-A9BA-F388ADEA5709}.Debug|Any CPU.Build.0 = Debug|Any CPU
		{831F2AC0-6C86-4D4C-A9BA-F388ADEA5709}.Release|Any CPU.ActiveCfg = Release|Any CPU
		{831F2AC0-6C86-4D4C-A9BA-F388ADEA5709}.Release|Any CPU.Build.0 = Release|Any CPU
		{E9CDDA30-4C79-4681-9930-4FD6D7677BD4}.Debug|Any CPU.ActiveCfg = Debug|Any CPU
		{E9CDDA30-4C79-4681-9930-4FD6D7677BD4}.Debug|Any CPU.Build.0 = Debug|Any CPU
		{E9CDDA30-4C79-4681-9930-4FD6D7677BD4}.Release|Any CPU.ActiveCfg = Release|Any CPU
		{E9CDDA30-4C79-4681-9930-4FD6D7677BD4}.Release|Any CPU.Build.0 = Release|Any CPU
		{9E4BEB60-295D-485B-8F2A-6EEA7C45DDBD}.Debug|Any CPU.ActiveCfg = Debug|Any CPU
		{9E4BEB60-295D-485B-8F2A-6EEA7C45DDBD}.Debug|Any CPU.Build.0 = Debug|Any CPU
		{9E4BEB60-295D-485B-8F2A-6EEA7C45DDBD}.Release|Any CPU.ActiveCfg = Release|Any CPU
		{9E4BEB60-295D-485B-8F2A-6EEA7C45DDBD}.Release|Any CPU.Build.0 = Release|Any CPU
	EndGlobalSection
	GlobalSection(SolutionProperties) = preSolution
		HideSolutionNode = FALSE
	EndGlobalSection
	GlobalSection(NestedProjects) = preSolution
		{FAD6E38C-27B1-458E-AC3B-0F8E5A9E6316} = {AD762B25-8F73-4165-960E-C2669192B94C}
		{831F2AC0-6C86-4D4C-A9BA-F388ADEA5709} = {AD762B25-8F73-4165-960E-C2669192B94C}
		{E9CDDA30-4C79-4681-9930-4FD6D7677BD4} = {AD762B25-8F73-4165-960E-C2669192B94C}
		{9E4BEB60-295D-485B-8F2A-6EEA7C45DDBD} = {79A82372-C234-4791-8F20-4838814547AE}
	EndGlobalSection
	GlobalSection(ExtensibilityGlobals) = postSolution
		SolutionGuid = {6190FD22-52E4-4AD6-9F08-1971662C8401}
	EndGlobalSection
EndGlobal
